
Microsoft Visual Studio Solution File, Format Version 12.00
# Visual Studio Version 16
VisualStudioVersion = 16.0.30804.86
MinimumVisualStudioVersion = 10.0.40219.1
Project("{9A19103F-16F7-4668-BE54-9A1E7A4F7556}") = "SP Color Wheel", "SP Color Wheel\SP Color Wheel.csproj", "{C5B35D19-119A-47EC-9527-08977E0177D8}"
EndProject
Project("{9A19103F-16F7-4668-BE54-9A1E7A4F7556}") = "XamlAnalyzer", "XamlAnalyzer\XamlAnalyzer.csproj", "{B4CE05B0-FC58-4D66-97FC-8F6C614121F8}"
EndProject
Project("{FAE04EC0-301F-11D3-BF4B-00C04F79EFBC}") = "SPCWCore", "SPCWCore\SPCWCore.csproj", "{8A55ACC5-8162-4A85-ABBF-FDB38E371024}"
EndProject
Global
	GlobalSection(SolutionConfigurationPlatforms) = preSolution
		Debug|Any CPU = Debug|Any CPU
		Release|Any CPU = Release|Any CPU
	EndGlobalSection
	GlobalSection(ProjectConfigurationPlatforms) = postSolution
		{C5B35D19-119A-47EC-9527-08977E0177D8}.Debug|Any CPU.ActiveCfg = Debug|Any CPU
		{C5B35D19-119A-47EC-9527-08977E0177D8}.Debug|Any CPU.Build.0 = Debug|Any CPU
		{C5B35D19-119A-47EC-9527-08977E0177D8}.Release|Any CPU.ActiveCfg = Release|Any CPU
		{C5B35D19-119A-47EC-9527-08977E0177D8}.Release|Any CPU.Build.0 = Release|Any CPU
		{B4CE05B0-FC58-4D66-97FC-8F6C614121F8}.Debug|Any CPU.ActiveCfg = Debug|Any CPU
		{B4CE05B0-FC58-4D66-97FC-8F6C614121F8}.Debug|Any CPU.Build.0 = Debug|Any CPU
		{B4CE05B0-FC58-4D66-97FC-8F6C614121F8}.Release|Any CPU.ActiveCfg = Release|Any CPU
		{B4CE05B0-FC58-4D66-97FC-8F6C614121F8}.Release|Any CPU.Build.0 = Release|Any CPU
		{8A55ACC5-8162-4A85-ABBF-FDB38E371024}.Debug|Any CPU.ActiveCfg = Debug|Any CPU
		{8A55ACC5-8162-4A85-ABBF-FDB38E371024}.Debug|Any CPU.Build.0 = Debug|Any CPU
		{8A55ACC5-8162-4A85-ABBF-FDB38E371024}.Release|Any CPU.ActiveCfg = Release|Any CPU
		{8A55ACC5-8162-4A85-ABBF-FDB38E371024}.Release|Any CPU.Build.0 = Release|Any CPU
	EndGlobalSection
	GlobalSection(SolutionProperties) = preSolution
		HideSolutionNode = FALSE
	EndGlobalSection
	GlobalSection(ExtensibilityGlobals) = postSolution
		SolutionGuid = {0B233709-06D3-4DBA-8092-DC75EB601BD6}
	EndGlobalSection
EndGlobal
